
Microsoft Visual Studio Solution File, Format Version 12.00
# Visual Studio 15
VisualStudioVersion = 15.0.28307.1927
MinimumVisualStudioVersion = 10.0.40219.1
Project("{FAE04EC0-301F-11D3-BF4B-00C04F79EFBC}") = "Programmin.DAL", "Programmin.DAL\Programmin.DAL.csproj", "{A6EBC7FF-3459-4EAD-A83B-B80E04CCE30C}"
EndProject
Project("{FAE04EC0-301F-11D3-BF4B-00C04F79EFBC}") = "Programming.API", "Programming.API\Programming.API.csproj", "{F5FFB90D-D9B0-4B99-B326-0C4DF6BA766A}"
EndProject
Global
	GlobalSection(SolutionConfigurationPlatforms) = preSolution
		Debug|Any CPU = Debug|Any CPU
		Release|Any CPU = Release|Any CPU
	EndGlobalSection
	GlobalSection(ProjectConfigurationPlatforms) = postSolution
		{A6EBC7FF-3459-4EAD-A83B-B80E04CCE30C}.Debug|Any CPU.ActiveCfg = Debug|Any CPU
		{A6EBC7FF-3459-4EAD-A83B-B80E04CCE30C}.Debug|Any CPU.Build.0 = Debug|Any CPU
		{A6EBC7FF-3459-4EAD-A83B-B80E04CCE30C}.Release|Any CPU.ActiveCfg = Release|Any CPU
		{A6EBC7FF-3459-4EAD-A83B-B80E04CCE30C}.Release|Any CPU.Build.0 = Release|Any CPU
		{F5FFB90D-D9B0-4B99-B326-0C4DF6BA766A}.Debug|Any CPU.ActiveCfg = Debug|Any CPU
		{F5FFB90D-D9B0-4B99-B326-0C4DF6BA766A}.Debug|Any CPU.Build.0 = Debug|Any CPU
		{F5FFB90D-D9B0-4B99-B326-0C4DF6BA766A}.Release|Any CPU.ActiveCfg = Release|Any CPU
		{F5FFB90D-D9B0-4B99-B326-0C4DF6BA766A}.Release|Any CPU.Build.0 = Release|Any CPU
	EndGlobalSection
	GlobalSection(SolutionProperties) = preSolution
		HideSolutionNode = FALSE
	EndGlobalSection
	GlobalSection(ExtensibilityGlobals) = postSolution
		SolutionGuid = {97F31AB6-F653-45B7-962E-CC2D5B954C41}
	EndGlobalSection
EndGlobal
