
Microsoft Visual Studio Solution File, Format Version 12.00
# Visual Studio 15
VisualStudioVersion = 15.0.28307.1927
MinimumVisualStudioVersion = 10.0.40219.1
Project("{FAE04EC0-301F-11D3-BF4B-00C04F79EFBC}") = "Programming.DAL", "Programming.DAL\Programming.DAL.csproj", "{100717AF-AEE6-47F3-B30E-06D7A383F14D}"
EndProject
Project("{FAE04EC0-301F-11D3-BF4B-00C04F79EFBC}") = "ProgramminAPI", "ProgramminAPI\ProgramminAPI.csproj", "{05BDC68E-A25D-4E99-B0A1-BE818383883B}"
EndProject
Global
	GlobalSection(SolutionConfigurationPlatforms) = preSolution
		Debug|Any CPU = Debug|Any CPU
		Release|Any CPU = Release|Any CPU
	EndGlobalSection
	GlobalSection(ProjectConfigurationPlatforms) = postSolution
		{100717AF-AEE6-47F3-B30E-06D7A383F14D}.Debug|Any CPU.ActiveCfg = Debug|Any CPU
		{100717AF-AEE6-47F3-B30E-06D7A383F14D}.Debug|Any CPU.Build.0 = Debug|Any CPU
		{100717AF-AEE6-47F3-B30E-06D7A383F14D}.Release|Any CPU.ActiveCfg = Release|Any CPU
		{100717AF-AEE6-47F3-B30E-06D7A383F14D}.Release|Any CPU.Build.0 = Release|Any CPU
		{05BDC68E-A25D-4E99-B0A1-BE818383883B}.Debug|Any CPU.ActiveCfg = Debug|Any CPU
		{05BDC68E-A25D-4E99-B0A1-BE818383883B}.Debug|Any CPU.Build.0 = Debug|Any CPU
		{05BDC68E-A25D-4E99-B0A1-BE818383883B}.Release|Any CPU.ActiveCfg = Release|Any CPU
		{05BDC68E-A25D-4E99-B0A1-BE818383883B}.Release|Any CPU.Build.0 = Release|Any CPU
	EndGlobalSection
	GlobalSection(SolutionProperties) = preSolution
		HideSolutionNode = FALSE
	EndGlobalSection
	GlobalSection(ExtensibilityGlobals) = postSolution
		SolutionGuid = {4F1AAC08-72D9-4A65-AD44-8491F27B2893}
	EndGlobalSection
EndGlobal
